# This file is automatically @generated by Cargo.
# It is not intended for manual editing.
version = 4

[[package]]
name = "ledgerlab"
version = "0.0.0"
dependencies = [
 "ledgerlab-core",
]

[[package]]
name = "ledgerlab-cli"
version = "0.0.0"
dependencies = [
 "ledgerlab",
]

[[package]]
name = "ledgerlab-core"
version = "0.0.0"

[[package]]
name = "ledgerlab-testkit"
version = "0.0.0"
dependencies = [
 "ledgerlab",
 "ledgerlab-core",
]
